{
  "lockfileVersion": 1,
  "configVersion": 1,
  "workspaces": {
    "": {
      "name": "vite-plugin-cloudflare-workers-env-shims",
      "devDependencies": {
        "@antfu/ni": "^30.3.0",
        "@biomejs/biome": "^1.9.4",
        "bumpp": "^12.1.1",
        "lint-staged": "^17.3.0",
        "publint": "^0.3.22",
        "simple-git-hooks": "^2.13.1",
        "tsdown": "^0.22.14",
        "typescript": "^7.0.2",
        "unplugin-unused": "^0.6.0",
      },
      "peerDependencies": {
        "vite": "^8.2.0",
      },
    },
  },
  "trustedDependencies": [
    "@biomejs/biome",
    "simple-git-hooks",
  ],
  "packages": {
    "@antfu/ni": ["@antfu/ni@30.3.0", "", { "dependencies": { "fzf": "^0.5.2", "package-manager-detector": "^1.7.0", "tinyexec": "^1.2.4", "tinyglobby": "^0.2.17" }, "bin": { "ni": "bin/ni.mjs", "nci": "bin/nci.mjs", "nr": "bin/nr.mjs", "nup": "bin/nup.mjs", "nd": "bin/nd.mjs", "nlx": "bin/nlx.mjs", "na": "bin/na.mjs", "nun": "bin/nun.mjs" } }, "sha512-KkYFVPA1IvC3m+WBKUuY5oxYc4OdXr83jvnlOn8a+bJM10yQMu+slFN/1pDzAw2JZVi+FYP9IYjo4KaPIccMmA=="],

    "@biomejs/biome": ["@biomejs/biome@1.9.4", "", { "optionalDependencies": { "@biomejs/cli-darwin-arm64": "1.9.4", "@biomejs/cli-darwin-x64": "1.9.4", "@biomejs/cli-linux-arm64": "1.9.4", "@biomejs/cli-linux-arm64-musl": "1.9.4", "@biomejs/cli-linux-x64": "1.9.4", "@biomejs/cli-linux-x64-musl": "1.9.4", "@biomejs/cli-win32-arm64": "1.9.4", "@biomejs/cli-win32-x64": "1.9.4" }, "bin": { "biome": "bin/biome" } }, "sha512-1rkd7G70+o9KkTn5KLmDYXihGoTaIGO9PIIN2ZB7UJxFrWw04CZHPYiMRjYsaDvVV7hP1dYNRLxSANLaBFGpog=="],

    "@biomejs/cli-darwin-arm64": ["@biomejs/cli-darwin-arm64@1.9.4", "", { "os": "darwin", "cpu": "arm64" }, "sha512-bFBsPWrNvkdKrNCYeAp+xo2HecOGPAy9WyNyB/jKnnedgzl4W4Hb9ZMzYNbf8dMCGmUdSavlYHiR01QaYR58cw=="],

    "@biomejs/cli-darwin-x64": ["@biomejs/cli-darwin-x64@1.9.4", "", { "os": "darwin", "cpu": "x64" }, "sha512-ngYBh/+bEedqkSevPVhLP4QfVPCpb+4BBe2p7Xs32dBgs7rh9nY2AIYUL6BgLw1JVXV8GlpKmb/hNiuIxfPfZg=="],

    "@biomejs/cli-linux-arm64": ["@biomejs/cli-linux-arm64@1.9.4", "", { "os": "linux", "cpu": "arm64" }, "sha512-fJIW0+LYujdjUgJJuwesP4EjIBl/N/TcOX3IvIHJQNsAqvV2CHIogsmA94BPG6jZATS4Hi+xv4SkBBQSt1N4/g=="],

    "@biomejs/cli-linux-arm64-musl": ["@biomejs/cli-linux-arm64-musl@1.9.4", "", { "os": "linux", "cpu": "arm64" }, "sha512-v665Ct9WCRjGa8+kTr0CzApU0+XXtRgwmzIf1SeKSGAv+2scAlW6JR5PMFo6FzqqZ64Po79cKODKf3/AAmECqA=="],

    "@biomejs/cli-linux-x64": ["@biomejs/cli-linux-x64@1.9.4", "", { "os": "linux", "cpu": "x64" }, "sha512-lRCJv/Vi3Vlwmbd6K+oQ0KhLHMAysN8lXoCI7XeHlxaajk06u7G+UsFSO01NAs5iYuWKmVZjmiOzJ0OJmGsMwg=="],

    "@biomejs/cli-linux-x64-musl": ["@biomejs/cli-linux-x64-musl@1.9.4", "", { "os": "linux", "cpu": "x64" }, "sha512-gEhi/jSBhZ2m6wjV530Yy8+fNqG8PAinM3oV7CyO+6c3CEh16Eizm21uHVsyVBEB6RIM8JHIl6AGYCv6Q6Q9Tg=="],

    "@biomejs/cli-win32-arm64": ["@biomejs/cli-win32-arm64@1.9.4", "", { "os": "win32", "cpu": "arm64" }, "sha512-tlbhLk+WXZmgwoIKwHIHEBZUwxml7bRJgk0X2sPyNR3S93cdRq6XulAZRQJ17FYGGzWne0fgrXBKpl7l4M87Hg=="],

    "@biomejs/cli-win32-x64": ["@biomejs/cli-win32-x64@1.9.4", "", { "os": "win32", "cpu": "x64" }, "sha512-8Y5wMhVIPaWe6jw2H+KlEm4wP/f7EW3810ZLmDlrEEy5KvBsb9ECEfu/kMWD484ijfQ8+nIi0giMgu9g1UAuuA=="],

    "@jridgewell/gen-mapping": ["@jridgewell/gen-mapping@0.3.13", "", { "dependencies": { "@jridgewell/sourcemap-codec": "^1.5.0", "@jridgewell/trace-mapping": "^0.3.24" } }, "sha512-2kkt/7niJ6MgEPxF0bYdQ6etZaA+fQvDcLKckhy1yIQOzaoKjBBjSj63/aLVjYE3qhRt5dvM+uUyfCg6UKCBbA=="],

    "@jridgewell/remapping": ["@jridgewell/remapping@2.3.5", "", { "dependencies": { "@jridgewell/gen-mapping": "^0.3.5", "@jridgewell/trace-mapping": "^0.3.24" } }, "sha512-LI9u/+laYG4Ds1TDKSJW2YPrIlcVYOwi2fUC6xB43lueCjgxV4lffOCZCtYFiH6TNOX+tQKXx97T4IKHbhyHEQ=="],

    "@jridgewell/resolve-uri": ["@jridgewell/resolve-uri@3.1.2", "", {}, "sha512-bRISgCIjP20/tbWSPWMEi54QVPRZExkuD9lJL+UIxUKtwVJA8wW1Trb1jMs1RFXo1CBTNZ/5hpC9QvmKWdopKw=="],

    "@jridgewell/sourcemap-codec": ["@jridgewell/sourcemap-codec@1.5.5", "", {}, "sha512-cYQ9310grqxueWbl+WuIUIaiUaDcj7WOq5fVhEljNVgRfOUhY9fy2zTvfoqWsnebh8Sl70VScFbICvJnLKB0Og=="],

    "@jridgewell/trace-mapping": ["@jridgewell/trace-mapping@0.3.31", "", { "dependencies": { "@jridgewell/resolve-uri": "^3.1.0", "@jridgewell/sourcemap-codec": "^1.4.14" } }, "sha512-zzNR+SdQSDJzc8joaeP8QQoCQr8NuYx2dIIytl1QeBEZHJ9uW6hebsrYgbz8hJwUQao3TWCMtmfV8Nu1twOLAw=="],

    "@oxc-project/types": ["@oxc-project/types@0.142.0", "", {}, "sha512-7W+2q5AKQVU36fkaryontrHn3YDt1RyUYXatw9i5H8ocYe2sPKSFB6eS8WNPeRKiN1qAWWZUPm7gwFzJGrccqQ=="],

    "@publint/pack": ["@publint/pack@0.1.6", "", { "dependencies": { "tinyexec": "^1.2.4" } }, "sha512-3uVNyGcVplhPZSLVyeIpL7+cIRn1YCSNHLG/rUIlBQMVH8YuN9++YF+5+UDIIO9RW98dujiUoTltO7RDB5bFJA=="],

    "@quansync/fs": ["@quansync/fs@1.0.0", "", { "dependencies": { "quansync": "^1.0.0" } }, "sha512-4TJ3DFtlf1L5LDMaM6CanJ/0lckGNtJcMjQ1NAV6zDmA0tEHKZtxNKin8EgPaVX1YzljbxckyT2tJrpQKAtngQ=="],

    "@rolldown/binding-android-arm64": ["@rolldown/binding-android-arm64@1.2.2", "", { "os": "android", "cpu": "arm64" }, "sha512-l7x215OGvo1s52JWmR8U/DAVzEDWBCIbTm28aeJV/WDTSHgcKXaZTuBT0hJMs5NggilfJTW3clZVvd24yfKJxA=="],

    "@rolldown/binding-darwin-arm64": ["@rolldown/binding-darwin-arm64@1.2.2", "", { "os": "darwin", "cpu": "arm64" }, "sha512-9u9Xv6c1AJZT0FfwH5vrMG5Jjcwhc1MlyrPu0XfTqkzsmqfks2M6W/o5XwAJgVVN/jHpqqngC1WevHKKTIUtIA=="],

    "@rolldown/binding-darwin-x64": ["@rolldown/binding-darwin-x64@1.2.2", "", { "os": "darwin", "cpu": "x64" }, "sha512-9W1mbGZAfW3oqd85bhBkmpyHCCzL1TeG/zFFP3vg7b0rlly8cxOcre5nXwz+LHazCwac2MNWgPdPCHndABjpWQ=="],

    "@rolldown/binding-freebsd-x64": ["@rolldown/binding-freebsd-x64@1.2.2", "", { "os": "freebsd", "cpu": "x64" }, "sha512-0p1lhiCSCyaerFwtrdZQUx7NqGk6LQnaRKWX7tFQqwQgvX0rjM15cIkm3pax1UpEakK14C4mOxx/jSqCBdBRqQ=="],

    "@rolldown/binding-linux-arm-gnueabihf": ["@rolldown/binding-linux-arm-gnueabihf@1.2.2", "", { "os": "linux", "cpu": "arm" }, "sha512-e+cOJXrJ2L3zx6YzqPg+f6Wbk3V1cKB8bOhbaYdVYN3DdquzNdRAmrbETz1qnt5yp/c7JNlNjmITiA2cVneQ7w=="],

    "@rolldown/binding-linux-arm64-gnu": ["@rolldown/binding-linux-arm64-gnu@1.2.2", "", { "os": "linux", "cpu": "arm64" }, "sha512-JsSMsj6sNat/MuhG5fnBD7QgbtpHKVe30x5/bAVirDHdhoQRXJkF6xc0Jqk8O4fiCUQAzMOoH9wZi3m60c8wtg=="],

    "@rolldown/binding-linux-arm64-musl": ["@rolldown/binding-linux-arm64-musl@1.2.2", "", { "os": "linux", "cpu": "arm64" }, "sha512-B5G/zJdHaoJn9vD50eGHWkiWfmq8Uhi3IiLPJTzmZTrAalk1bztUikSXo0qga18ibE0IXboyeMUnhPjhAJ45wQ=="],

    "@rolldown/binding-linux-ppc64-gnu": ["@rolldown/binding-linux-ppc64-gnu@1.2.2", "", { "os": "linux", "cpu": "ppc64" }, "sha512-6mC/awzKka8W6EoekjegpfGkjz8jXWDX63pqu/HYVpyKtZfu65Jsh4QAH3Kej3CAv/c1oGX7psTmFEbr0mDxLA=="],

    "@rolldown/binding-linux-s390x-gnu": ["@rolldown/binding-linux-s390x-gnu@1.2.2", "", { "os": "linux", "cpu": "s390x" }, "sha512-412MX9fJLdA1IK28EZnc8jYv2HRTleOZgfLQumJ5zy7OeJLZlg/CETwFaXjNmGVxG51cFHpKLqb5LKvBC+HsHA=="],

    "@rolldown/binding-linux-x64-gnu": ["@rolldown/binding-linux-x64-gnu@1.2.2", "", { "os": "linux", "cpu": "x64" }, "sha512-Q/+HI/ToJafZ1iCqGgVQXUEkIjufHCTF0gBQ2a5o3cg7GJ2h0qyq3nvvSmU+bGda2/7ygXpTY4TM6gO9OhQ0ZA=="],

    "@rolldown/binding-linux-x64-musl": ["@rolldown/binding-linux-x64-musl@1.2.2", "", { "os": "linux", "cpu": "x64" }, "sha512-ZKp/w41n6wCvxzxQHtQSbuphfX3Y4cCvbjkKHusrLx4lh+JWLTU7StSltO/DKARISzbj368d+qUaCjI8K2wzXw=="],

    "@rolldown/binding-openharmony-arm64": ["@rolldown/binding-openharmony-arm64@1.2.2", "", { "os": "none", "cpu": "arm64" }, "sha512-pxE6xD4KS3eAROkKK5yrhB9/3+vhlhVGMvlQLbdpzrBGDbKrnzx3RLwPaHvasLo6jgaiBLn7e04Df9C4tYhjmA=="],

    "@rolldown/binding-win32-arm64-msvc": ["@rolldown/binding-win32-arm64-msvc@1.2.2", "", { "os": "win32", "cpu": "arm64" }, "sha512-4MqEue5re+xIZzAWsB8sj0P1kqZySWqIuN4t6QaIO/YA6SFwySOLruvWQFzfmqk8LBK2P30KCSJwf6mJCZZ5/A=="],

    "@rolldown/binding-win32-x64-msvc": ["@rolldown/binding-win32-x64-msvc@1.2.2", "", { "os": "win32", "cpu": "x64" }, "sha512-NweNxxD0Nf9t8v7kodun45Ijp3EIwYY+uydPP6qBEYvfBqhIjN6dZMzlQja3tqX/aLs3F3Uz+AxDpKgRhpOZQg=="],

    "@rolldown/pluginutils": ["@rolldown/pluginutils@1.0.1", "", {}, "sha512-2j9bGt5Jh8hj+vPtgzPtl72j0yRxHAyumoo6TNfAjsLB04UtpSvPbPcDcBMxz7n+9CYB0c1GxQFxYRg2jimqGw=="],

    "@typescript/typescript-aix-ppc64": ["@typescript/typescript-aix-ppc64@7.0.2", "", { "os": "aix", "cpu": "ppc64" }, "sha512-MTKKkWB7p/0E9xi1d1tHtZ5PiLkGEMIq88pK2CubZjOsLtYTLqhgIgi6zepFa+9GHZ6h05NMCkQxGKiPXMxXtQ=="],

    "@typescript/typescript-darwin-arm64": ["@typescript/typescript-darwin-arm64@7.0.2", "", { "os": "darwin", "cpu": "arm64" }, "sha512-gowzar9MwS/aRWp6f3a4KUqzRjAZjOsmGNCM6LcTgXum+dBfgsBVMN+AgvOCCbguXyick6LJhpBszxMebJ8syA=="],

    "@typescript/typescript-darwin-x64": ["@typescript/typescript-darwin-x64@7.0.2", "", { "os": "darwin", "cpu": "x64" }, "sha512-SZ9xZInqApNlNGc9s0W1VSsktYSOe9cFqNOIqmN1Gs8SmkjKZYFt017G4VwPxASInODuAdbTW7sXiFUf893RgA=="],

    "@typescript/typescript-freebsd-arm64": ["@typescript/typescript-freebsd-arm64@7.0.2", "", { "os": "freebsd", "cpu": "arm64" }, "sha512-W5NH4y/J0plIIS5b2xvTEkU7JFxyqdMAOgf+Ilhl0vHQXKO5dZoxd+C/jEtq56c4F3wk71RB4BMRQ2XdI+bwYQ=="],

    "@typescript/typescript-freebsd-x64": ["@typescript/typescript-freebsd-x64@7.0.2", "", { "os": "freebsd", "cpu": "x64" }, "sha512-UMGDx5sTpzNw3WiPebH7l90IWfJggEd+egHt/q6p7/Cm3zqoV7VxkGXt+3DxPIw8CcmvAB0j3sVVfbhX+M4Tpw=="],

    "@typescript/typescript-linux-arm": ["@typescript/typescript-linux-arm@7.0.2", "", { "os": "linux", "cpu": "arm" }, "sha512-gffT3xPz9sR7j/YJExkyPntrI0P2EP9XbOyWzth2/Gs0RstK+90RBcO0ncXoXy/beYll1SXw846Nf2zdnEz0QQ=="],

    "@typescript/typescript-linux-arm64": ["@typescript/typescript-linux-arm64@7.0.2", "", { "os": "linux", "cpu": "arm64" }, "sha512-Qh4eU4/y3yDjnfjjyPYihMj5/ODIlmt+Bzu17OI+fiSRDW57QmU5SiN63exPRNJPKUzcc1INa1NXdrJ+MqHjUQ=="],

    "@typescript/typescript-linux-loong64": ["@typescript/typescript-linux-loong64@7.0.2", "", { "os": "linux", "cpu": "none" }, "sha512-uEHck9i8hoAzXPiYRib1O7miOnz23SxIeVl6F4LXox+qov1K35jHcEW6VHKvZI+pyvl7fZEP4MCU5LYvIq1GuQ=="],

    "@typescript/typescript-linux-mips64el": ["@typescript/typescript-linux-mips64el@7.0.2", "", { "os": "linux", "cpu": "none" }, "sha512-R4KvAMnE43W5Qeqb0Ly56O3mWMWIAgsMyz36DCaycd5nbg/9kzm0liw3JocfRqyJY0KPmzFjbswozXyW0DnIYA=="],

    "@typescript/typescript-linux-ppc64": ["@typescript/typescript-linux-ppc64@7.0.2", "", { "os": "linux", "cpu": "ppc64" }, "sha512-DORx5b3sd/4S7eayxm4FQv+A7CrkUIGRaHiwI8oiHTAI1fAPWhF4J0vAlkC8biAlHSVVwxMQ3tjZ2/DVbnQiiA=="],

    "@typescript/typescript-linux-riscv64": ["@typescript/typescript-linux-riscv64@7.0.2", "", { "os": "linux", "cpu": "none" }, "sha512-wf0jqEDOjrPRnKwYRyyJDRo11KMbvMFrU+q4zqKyChODBzvlkbhNQfKvLxQCcwTpdDaXSHZTVuh0JoCrKCUMHQ=="],

    "@typescript/typescript-linux-s390x": ["@typescript/typescript-linux-s390x@7.0.2", "", { "os": "linux", "cpu": "s390x" }, "sha512-IkwJc3L7yhytWd/ewjyxNDfOmswCm9GWMJT/ue/dU4aZNbwZeYAetq42VyLmsmSjvoX7z74X6ZaYCtzAr0EuGw=="],

    "@typescript/typescript-linux-x64": ["@typescript/typescript-linux-x64@7.0.2", "", { "os": "linux", "cpu": "x64" }, "sha512-EYdf2cNg7rgCWJnxCdJ+F3V39O8ihb37eHAu1LK8oAFizgTQbPOK7zHHXbPt8rX24COqODXeI3sIf0fCXG7H/A=="],

    "@typescript/typescript-netbsd-arm64": ["@typescript/typescript-netbsd-arm64@7.0.2", "", { "os": "none", "cpu": "arm64" }, "sha512-+polYF4MF04aPpO5FTkHran9yUQDSXqy5GiSDKpsll5jy3l3+g9QLhpf39T+ePtefhXLOGrLl0QIjkQP6VnelA=="],

    "@typescript/typescript-netbsd-x64": ["@typescript/typescript-netbsd-x64@7.0.2", "", { "os": "none", "cpu": "x64" }, "sha512-8YIT0EHM/3dq10ZOVF/A7pc/YSMtbcecct4rWtexrnSCHOPcpC2KTLXfTCR6vDpnSiY12heNb1GiN/wu+T/FyA=="],

    "@typescript/typescript-openbsd-arm64": ["@typescript/typescript-openbsd-arm64@7.0.2", "", { "os": "openbsd", "cpu": "arm64" }, "sha512-APT8+ClYnuYm1u9+kgGXoMj2VzWzcymwh2gNSQVySHfkRDGOTVkoWLjCmOQSaO+PoqQ57B0flRp9SA+7GnnkzQ=="],

    "@typescript/typescript-openbsd-x64": ["@typescript/typescript-openbsd-x64@7.0.2", "", { "os": "openbsd", "cpu": "x64" }, "sha512-yX7s+Q0Dln0Dt9tEzZsAjXXR/+ytBM7AlglaqyeMPxQszJ1JhlJdZ6jLA+IzldHtflX81em7lDao1xXu+aRRkg=="],

    "@typescript/typescript-sunos-x64": ["@typescript/typescript-sunos-x64@7.0.2", "", { "os": "sunos", "cpu": "x64" }, "sha512-dLJDGaLZ1D4HPQn62u1n8mBDkJREwMsAkCdkwd4Ieqw+x3TUyTsqY0YiBCtE6H6OzzgGk3iuZ3vFWRS+E8/d1g=="],

    "@typescript/typescript-win32-arm64": ["@typescript/typescript-win32-arm64@7.0.2", "", { "os": "win32", "cpu": "arm64" }, "sha512-Gyl1Vy6OsWesLzmq+EP0Fb7b4Nid5232AvcA2SFcdYreldpNtYFFofPjnt62y9hQy7VTaZp65ICJjuAQRaVcIQ=="],

    "@typescript/typescript-win32-x64": ["@typescript/typescript-win32-x64@7.0.2", "", { "os": "win32", "cpu": "x64" }, "sha512-0BQ3HkAHHlKLSp1qRvf3SUhGpGsDuhB/jgFw75guyqbxJqEaS0Cw/VFO8i2nHglJUzQCRtMMR/IBAKE3ETMC4g=="],

    "@yuku-codegen/binding-android-arm64": ["@yuku-codegen/binding-android-arm64@0.8.3", "", { "os": "android", "cpu": "arm64" }, "sha512-/EKnnqwvN7xYoVDhQEIEJTdPDwGW1wkFz/2Eku3ES/IJd4lcQh/OaIDFBmoJKvpe12enrb1TIoYh1fxasGXolA=="],

    "@yuku-codegen/binding-darwin-arm64": ["@yuku-codegen/binding-darwin-arm64@0.8.3", "", { "os": "darwin", "cpu": "arm64" }, "sha512-DFAOliF5YIPv3ayNHGOJhIun6Af4kMaL/YXxf8ZtD1qrOIMFnX/AQBhwfvLalhwmmxuGA8AUteaKRHBvdKZFVA=="],

    "@yuku-codegen/binding-darwin-x64": ["@yuku-codegen/binding-darwin-x64@0.8.3", "", { "os": "darwin", "cpu": "x64" }, "sha512-WlMh4/oEibaTzE9j5Zq8qnsrH4Ii4kWdcDv/Pj2Rb/MYSrKghtg+bxbWpPe/6zJD21p9zZBApQUxl8ECpZOJuQ=="],

    "@yuku-codegen/binding-freebsd-x64": ["@yuku-codegen/binding-freebsd-x64@0.8.3", "", { "os": "freebsd", "cpu": "x64" }, "sha512-hoDOpPP0FTxPSD+6w0Gs4p8iL1yXe6jjIXcdzNxyT1KE6B3JI6O0gTIWQISJ+8QyNpNjIwBb7nHCdRavktJM6A=="],

    "@yuku-codegen/binding-linux-arm-gnu": ["@yuku-codegen/binding-linux-arm-gnu@0.8.3", "", { "os": "linux", "cpu": "arm" }, "sha512-nNW0GGMJyF04pK4A7Kq7WAYtUWU9uI5ugDAoXl9yHpd3IIZ8UI+zFlM01e+ZGWnQcdxYYLumeRe/EjzZT9bVfQ=="],

    "@yuku-codegen/binding-linux-arm-musl": ["@yuku-codegen/binding-linux-arm-musl@0.8.3", "", { "os": "linux", "cpu": "arm" }, "sha512-/jpxKhO8AV5TmXgT3R2Gv3YctKRUhyDzd5bQw8TiJ3O4z7qerHzoW2kE40fPAO3L434/IZtZbdhr8HuOqiwECA=="],

    "@yuku-codegen/binding-linux-arm64-gnu": ["@yuku-codegen/binding-linux-arm64-gnu@0.8.3", "", { "os": "linux", "cpu": "arm64" }, "sha512-CYhLJfnCknabfLvUjsanxC5s3BBtZHUwfzdDL7GcqShIRQh2qqgG7pPfFrFJ6Jp56kkjKXkfluFGn9nnIv0nZg=="],

    "@yuku-codegen/binding-linux-arm64-musl": ["@yuku-codegen/binding-linux-arm64-musl@0.8.3", "", { "os": "linux", "cpu": "arm64" }, "sha512-c6gEdnI0MgA7/rVw6CACMciSbAcxVwLyD/jSBbMLWUeqqbysCNGrGPAHdpSaadpz3W1bd+OdXt9XWjfm66708w=="],

    "@yuku-codegen/binding-linux-x64-gnu": ["@yuku-codegen/binding-linux-x64-gnu@0.8.3", "", { "os": "linux", "cpu": "x64" }, "sha512-CRVZ9Rw5lIah/PpWeShWv7XiUCMY15N6rZRA2sEZrQvc5Az7Dv9/wsDMa6oBMkfQLXuDkFo4G1QOYyWbebjejg=="],

    "@yuku-codegen/binding-linux-x64-musl": ["@yuku-codegen/binding-linux-x64-musl@0.8.3", "", { "os": "linux", "cpu": "x64" }, "sha512-G12Nhecjmv7OlbCX6Y4HU4wYYePd111kTE+yTjbitnt+P3m8bNegtYG4ZGo4scGTq8cKsLF4xcda1XNzCUA6nQ=="],

    "@yuku-codegen/binding-win32-arm64": ["@yuku-codegen/binding-win32-arm64@0.8.3", "", { "os": "win32", "cpu": "arm64" }, "sha512-i8bpXWaMlik9DvFl+89emEx3RZFtSd21Vlt0UrnPvUC7h8NGElP2SwQcdcG+pPmihFIYJAoIuJLw7YdQcFcDkA=="],

    "@yuku-codegen/binding-win32-x64": ["@yuku-codegen/binding-win32-x64@0.8.3", "", { "os": "win32", "cpu": "x64" }, "sha512-vlYymeTSsx+qxZoNvdl6KehgYDaQC4Sk/9KUnM3V2mriyCwSdhW7lqdpQGl+RLGsDTxyuRGjzGIjgRWk3lohmA=="],

    "@yuku-parser/binding-android-arm64": ["@yuku-parser/binding-android-arm64@0.8.3", "", { "os": "android", "cpu": "arm64" }, "sha512-vySYRsMeul9ssvxeHdxgS9ZUIcq7gqljWNqgokjJE0uQWvVvOprihJ6hOsiifVqWsla0BMc3vAFBvNS9QqCw7g=="],

    "@yuku-parser/binding-darwin-arm64": ["@yuku-parser/binding-darwin-arm64@0.8.3", "", { "os": "darwin", "cpu": "arm64" }, "sha512-+wpB/wqhiZ685Y77I+lj6v9pHSAJ3Y+QMHJmvch0Q0ahIMbNwtKk3s54MhtjCMKO1qpjPbyN/PjuHDg2hbKaVQ=="],

    "@yuku-parser/binding-darwin-x64": ["@yuku-parser/binding-darwin-x64@0.8.3", "", { "os": "darwin", "cpu": "x64" }, "sha512-jKqiWejj4zVy7pPtEGu4/Ty+pG1h7ooQOXIkm7shKZTSwTU9X8X+eoH11uIeKHZi2SQWV0GhNz0J56eerseysQ=="],

    "@yuku-parser/binding-freebsd-x64": ["@yuku-parser/binding-freebsd-x64@0.8.3", "", { "os": "freebsd", "cpu": "x64" }, "sha512-FC7zSwzFzd4z9bsId07CiHLR+Iw6yW/LzIQhL5AUtPUuVXLgEyx0rilgbRUYkl1CT3GJcLpkh63WuPZUSgCDzw=="],

    "@yuku-parser/binding-linux-arm-gnu": ["@yuku-parser/binding-linux-arm-gnu@0.8.3", "", { "os": "linux", "cpu": "arm" }, "sha512-So61j88b9/ygDnUPlWCm1EUPw4HSxAyDjrNHKgud5N3aRDQ3kw94nW7TriXbo7GBXID9oBHCMNm1r1Fof/Df5Q=="],

    "@yuku-parser/binding-linux-arm-musl": ["@yuku-parser/binding-linux-arm-musl@0.8.3", "", { "os": "linux", "cpu": "arm" }, "sha512-Nmnn20yJvSSKL8ZdtqReBRSGCDkSMqR5jEk/Sk/cdIdZmqVD49Z6M7w2GbMjdrxMI1MBPbsWFMMWxa93cd5t5g=="],

    "@yuku-parser/binding-linux-arm64-gnu": ["@yuku-parser/binding-linux-arm64-gnu@0.8.3", "", { "os": "linux", "cpu": "arm64" }, "sha512-Lfgw7AXJ0rxu6BMPGgfc8HLJWEIr8BHhCzcQp/75k+NM90uCLkHlBNqIg/K42KlSvBgAvu9euOvjdswib+4qJA=="],

    "@yuku-parser/binding-linux-arm64-musl": ["@yuku-parser/binding-linux-arm64-musl@0.8.3", "", { "os": "linux", "cpu": "arm64" }, "sha512-cfRyu87xsJ0tFkHNsnMC4Rq6+xsFJ6i2dc4VAH52d2qLvykEJU/Mdi3ul1O2PyOApX/LoLT3uQZ0fWs3D5XE4w=="],

    "@yuku-parser/binding-linux-x64-gnu": ["@yuku-parser/binding-linux-x64-gnu@0.8.3", "", { "os": "linux", "cpu": "x64" }, "sha512-GcQQCUuYxbm6P1n+io/A50rvWKDeWHutIp6rW0ycDOZuEQjOb8hDVgS88+NDyOnd9FfS0/Z6GXopcRFDyKpzOg=="],

    "@yuku-parser/binding-linux-x64-musl": ["@yuku-parser/binding-linux-x64-musl@0.8.3", "", { "os": "linux", "cpu": "x64" }, "sha512-rMkImBGZzg7GZlj8krYtdiezyjYI4igjKWMut5T65jHyNWFigMQrEpn9mDIBflloW9FKhGE3mN6yTZ/N+4HRwg=="],

    "@yuku-parser/binding-win32-arm64": ["@yuku-parser/binding-win32-arm64@0.8.3", "", { "os": "win32", "cpu": "arm64" }, "sha512-/2Pl2cAzCXWxah8FqJapEj/ikpt9cEutEZFCa0hnbfrshkn5+C+aBM3ZDq62d1jsgQjBMmqr5HVhJUA4OAG/Tg=="],

    "@yuku-parser/binding-win32-x64": ["@yuku-parser/binding-win32-x64@0.8.3", "", { "os": "win32", "cpu": "x64" }, "sha512-Ntnvjoan9jnfLhn7Kn3h8j/bhsbVdQSVmKUqFULKtmwImLCJVHOJbLL4qbEJyrOQ7r/FBL1/c/dRvx/AQWzzXg=="],

    "@yuku-toolchain/types": ["@yuku-toolchain/types@0.8.3", "", {}, "sha512-9LN3HYs3A9qSPVFunsxlbfwBcUgexti3TmhOzIxB/UH8zFuaHQJXTRDcN17DW6cp1GsyZtiZA7f18uIra36Jag=="],

    "ansis": ["ansis@4.3.1", "", {}, "sha512-BJ8/l4R5LRE7hW9WdSuGYrLSHi2ynxeFpDFbH0K/CgNeY/tyhk+vO6TYxXC5r5CpUhNVX310xzPsN/H9lCdfOA=="],

    "args-tokenizer": ["args-tokenizer@0.3.0", "", {}, "sha512-xXAd7G2Mll5W8uo37GETpQ2VrE84M181Z7ugHFGQnJZ50M2mbOv0osSZ9VsSgPfJQ+LVG0prSi0th+ELMsno7Q=="],

    "bumpp": ["bumpp@12.1.1", "", { "dependencies": { "args-tokenizer": "^0.3.0", "cac": "^7.0.0", "jsonc-parser": "^3.3.1", "package-manager-detector": "^1.8.0", "tinyexec": "^1.2.4", "tinyglobby": "^0.2.17", "unconfig": "^7.5.0", "verkit": "^0.3.0", "yaml": "^2.9.0" }, "bin": { "bumpp": "bin/bumpp.mjs" } }, "sha512-6zniIxMtt+yeEwmyL4s+gB54A1J8HVQPOIeABaFB2ScmG993Q+3+5MYAbJYu/kmZ1ZXS+KzwVb/ff5V4vBXiHA=="],

    "cac": ["cac@7.0.0", "", {}, "sha512-tixWYgm5ZoOD+3g6UTea91eow5z6AAHaho3g0V9CNSNb45gM8SmflpAc+GRd1InC4AqN/07Unrgp56Y94N9hJQ=="],

    "defu": ["defu@6.1.7", "", {}, "sha512-7z22QmUWiQ/2d0KkdYmANbRUVABpZ9SNYyH5vx6PZ+nE5bcC0l7uFvEfHlyld/HcGBFTL536ClDt3DEcSlEJAQ=="],

    "detect-libc": ["detect-libc@2.1.2", "", {}, "sha512-Btj2BOOO83o3WyH59e8MgXsxEQVcarkUOpEYrubB0urwnN10yQ364rsiByU11nZlqWYZm05i/of7io4mzihBtQ=="],

    "dts-resolver": ["dts-resolver@3.0.0", "", { "peerDependencies": { "oxc-resolver": ">=11.0.0" }, "optionalPeers": ["oxc-resolver"] }, "sha512-1T1f+z+4tl9XD+m+0HBgWoL/nm0bOIffyWaUuUSBlFg/86IWvfx+wjNaO/ybU0AJzG9/Mi5hBUgGV6zCmWEN7Q=="],

    "empathic": ["empathic@2.0.1", "", {}, "sha512-YGRs8knHhKHVShLkFET/rWAU8kmHbOV5LwN938RHI0pljAJ1Gf6SzXsSmRaEzcXTtOOmVqJ5+WtQPL5uigY50Q=="],

    "escape-string-regexp": ["escape-string-regexp@5.0.0", "", {}, "sha512-/veY75JbMK4j1yjvuUxuVsiS/hr/4iHs9FTT6cgTexxdE0Ly/glccBAkloH/DofkjRbZU3bnoj38mOmhkZ0lHw=="],

    "fdir": ["fdir@6.5.0", "", { "peerDependencies": { "picomatch": "^3 || ^4" }, "optionalPeers": ["picomatch"] }, "sha512-tIbYtZbucOs0BRGqPJkshJUYdL+SDH7dVM8gjy+ERp3WAUjLEFJE+02kanyHtwjWOnwrKYBiwAmM0p4kLJAnXg=="],

    "fsevents": ["fsevents@2.3.3", "", { "os": "darwin" }, "sha512-5xoDfX+fL7faATnagmWPpbFtwh/R77WmMMqqHGS65C3vvB0YHrgF+B1YmZ3441tMj5n63k0212XNoJwzlhffQw=="],

    "fzf": ["fzf@0.5.2", "", {}, "sha512-Tt4kuxLXFKHy8KT40zwsUPUkg1CrsgY25FxA2U/j/0WgEDCk3ddc/zLTCCcbSHX9FcKtLuVaDGtGE/STWC+j3Q=="],

    "get-tsconfig": ["get-tsconfig@5.0.0-beta.5", "", { "dependencies": { "resolve-pkg-maps": "^1.0.0" } }, "sha512-/6gFNr0N04nob252sTQxyFLi3eKFRqIg1I87YcqAMT1i6SQrSF6KujUEQrtrjMV0H/eejTCltLdDSTEMzHbnsQ=="],

    "hookable": ["hookable@6.1.1", "", {}, "sha512-U9LYDy1CwhMCnprUfeAZWZGByVbhd54hwepegYTK7Pi5NvqEj63ifz5z+xukznehT7i6NIZRu89Ay1AZmRsLEQ=="],

    "import-without-cache": ["import-without-cache@0.4.0", "", {}, "sha512-NkJQA7oZ4YHQhd2+H3BoRFKF3d/XNsiKpHZCQEMH9pDX27hQQLsTyOocyRgaIVtf8gHX3Nt3LPkR4e5EdtPAGQ=="],

    "jiti": ["jiti@2.7.0", "", { "bin": { "jiti": "lib/jiti-cli.mjs" } }, "sha512-AC/7JofJvZGrrneWNaEnJeOLUx+JlGt7tNa0wZiRPT4MY1wmfKjt2+6O2p2uz2+skll8OZZmJMNqeke7kKbNgQ=="],

    "js-tokens": ["js-tokens@10.0.0", "", {}, "sha512-lM/UBzQmfJRo9ABXbPWemivdCW8V2G8FHaHdypQaIy523snUjog0W71ayWXTjiR+ixeMyVHN2XcpnTd/liPg/Q=="],

    "jsonc-parser": ["jsonc-parser@3.3.1", "", {}, "sha512-HUgH65KyejrUFPvHFPbqOY0rsFip3Bo5wb4ngvdi1EpCYWUQDC5V+Y7mZws+DLkr4M//zQJoanu1SP+87Dv1oQ=="],

    "lightningcss": ["lightningcss@1.33.0", "", { "dependencies": { "detect-libc": "^2.0.3" }, "optionalDependencies": { "lightningcss-android-arm64": "1.33.0", "lightningcss-darwin-arm64": "1.33.0", "lightningcss-darwin-x64": "1.33.0", "lightningcss-freebsd-x64": "1.33.0", "lightningcss-linux-arm-gnueabihf": "1.33.0", "lightningcss-linux-arm64-gnu": "1.33.0", "lightningcss-linux-arm64-musl": "1.33.0", "lightningcss-linux-x64-gnu": "1.33.0", "lightningcss-linux-x64-musl": "1.33.0", "lightningcss-win32-arm64-msvc": "1.33.0", "lightningcss-win32-x64-msvc": "1.33.0" } }, "sha512-WkUDrojuJs0xkgGf2udWxa3yGBRxPtxUkB79i6aCZLRgc7PM8fZe9TosfPDcvEpQZbuFASnHYmRLBLUbmLOIIA=="],

    "lightningcss-android-arm64": ["lightningcss-android-arm64@1.33.0", "", { "os": "android", "cpu": "arm64" }, "sha512-gEpRTalKdosp4Bb8qWtc2iOgE5SeIHlpS1up9bFq2wAyYhl1UdTObYiHe98zEM9SQvSoqQZ1IQD0JNpg3Ml5pg=="],

    "lightningcss-darwin-arm64": ["lightningcss-darwin-arm64@1.33.0", "", { "os": "darwin", "cpu": "arm64" }, "sha512-Sciaz8eenNTKn9b3t7+xr0ipTp9YxKQY4npwQ3mrRuL0BAVHBLyZxofhaKBAVtzmtRZ/zTyo0/to4B1uWG/Djg=="],

    "lightningcss-darwin-x64": ["lightningcss-darwin-x64@1.33.0", "", { "os": "darwin", "cpu": "x64" }, "sha512-Z5UPAxzrjlWNNyGy6i65cJzzvgJ5D3T6wMvs+gWpY9d7qRhANrxqAp6LhxIgZhWEw18RfJTGcRxjuLIBr+m8XQ=="],

    "lightningcss-freebsd-x64": ["lightningcss-freebsd-x64@1.33.0", "", { "os": "freebsd", "cpu": "x64" }, "sha512-QQM/Ti/hQajJwCY+RiWuCZ9sdtI/XQk7nDK5vC8kkdwixezOlDgvDx7+RT+QjK6FcFT4MpsuoBnHIo/O3StRRg=="],

    "lightningcss-linux-arm-gnueabihf": ["lightningcss-linux-arm-gnueabihf@1.33.0", "", { "os": "linux", "cpu": "arm" }, "sha512-N7FVBe6iS24MlM6R/4RBTxGhQheZGs7tiQ9U32UtF75NzP5Q7xWPRqLBCKxlRQRk3rY1jCIPLzx7WzOhuUIRLQ=="],

    "lightningcss-linux-arm64-gnu": ["lightningcss-linux-arm64-gnu@1.33.0", "", { "os": "linux", "cpu": "arm64" }, "sha512-j2v/itmy4HlNxlc6voKXYgBqNi0Ng2LShg4z7GufpEgs05P+2suBVyi9I6YHq5uoVFx9ETin3eCEhLVyXGQnKg=="],

    "lightningcss-linux-arm64-musl": ["lightningcss-linux-arm64-musl@1.33.0", "", { "os": "linux", "cpu": "arm64" }, "sha512-yiO5ROMuYQgXbC60yjZU5CYSFZGKXL0HFATXt9mHJn1+zW55oCtMI9NfcVhYLMFDL7gV7oBPon/EmMMGg2OvtQ=="],

    "lightningcss-linux-x64-gnu": ["lightningcss-linux-x64-gnu@1.33.0", "", { "os": "linux", "cpu": "x64" }, "sha512-ar+Ju7LmcN0Jo4FpL4hpFybwNG9/3A/Br5KW2n2jyODg3MEZXaDYADdemoNS+BDNfMgKvylJLj4S5tyRActuAg=="],

    "lightningcss-linux-x64-musl": ["lightningcss-linux-x64-musl@1.33.0", "", { "os": "linux", "cpu": "x64" }, "sha512-RYiYbkokw0trfKqqzfF55lginwEPrD3OJDfTuJzFs1MK6iFnDenaz1fqLLtX4ITG3OktJQXOeTaw1awrBAlZPw=="],

    "lightningcss-win32-arm64-msvc": ["lightningcss-win32-arm64-msvc@1.33.0", "", { "os": "win32", "cpu": "arm64" }, "sha512-1K+MPfLSFVpphzpdbfkhlWk6wBrTObBzS2T6db10PNOZgR9GoVsAWzwNyuhUYYbTp23j+4RrncfujZ4uAzXvwA=="],

    "lightningcss-win32-x64-msvc": ["lightningcss-win32-x64-msvc@1.33.0", "", { "os": "win32", "cpu": "x64" }, "sha512-OlEICDx/Xl0FqSp4bry8zFnCvGpig3Gl4gCquvYwHuqJKEC1+n9NgDniFvqHGmMv1ZkqDJrDqKKSykTDX+ehuA=="],

    "lint-staged": ["lint-staged@17.3.0", "", { "dependencies": { "picomatch": "^4.0.5", "string-argv": "^0.3.2", "tinyexec": "^1.2.4" }, "optionalDependencies": { "yaml": "^2.9.0" }, "bin": { "lint-staged": "bin/lint-staged.js" } }, "sha512-woZS3vNe3UKqBaLPvbLOtKRY4tLANpWQhom12MGWqC8Mh1lCOO+WgSwmX2amjJAqTY9BkXYW87fCUH5H9Ph6xw=="],

    "mri": ["mri@1.2.0", "", {}, "sha512-tzzskb3bG8LvYGFF/mDTpq3jpI6Q9wc3LEmBaghu+DdCssd1FakN7Bc0hVNmEyGq1bq3RgfkCb3cmQLpNPOroA=="],

    "nanoid": ["nanoid@3.3.17", "", { "bin": { "nanoid": "bin/nanoid.cjs" } }, "sha512-xQLf0A3HOMlgHq0n247/LRuAOYmB7dXJ/DvAxGvsSBij45XtBSmQycu+F8ODbHwns/XyFZagyL1+J0Offw1E0g=="],

    "obug": ["obug@2.1.4", "", {}, "sha512-4a+OsYv9UktOJKE+l1A4OufDgdRF9PifWj+tJnHURo/P+WOxpG4GzUFL9qCalmWauao6ogiG+QvnCovwPoyAWA=="],

    "package-manager-detector": ["package-manager-detector@1.8.0", "", {}, "sha512-yQA4H19AmPEoMUeavPMDIe1higySl/gH/yaQrkT/s07Qp+7pp2hYz30N3z2l5BkjVkF9Ow6o0wjJamm2y7Sn0A=="],

    "picocolors": ["picocolors@1.1.1", "", {}, "sha512-xceH2snhtb5M9liqDsmEw56le376mTZkEX/jEb/RxNFyegNul7eNslCXP9FDj/Lcu0X8KEyMceP2ntpaHrDEVA=="],

    "picomatch": ["picomatch@4.0.5", "", {}, "sha512-RvwwcruNjI1ncT5xRakeyS9Lf8lcItv34KD+aif+VH9kduAyfYBipGh12274xtenIPZ119/R9BdTBa8gAwSh0A=="],

    "postcss": ["postcss@8.5.25", "", { "dependencies": { "nanoid": "^3.3.16", "picocolors": "^1.1.1", "source-map-js": "^1.2.1" } }, "sha512-DTPx3RWSSnWyzLxQnlH0rJP+EW5ekl16ZU4/psbIhA0e53kJfdgaN5vKM+xP7yJtXVu+nfdVFmlgFDEKAe4Pyw=="],

    "publint": ["publint@0.3.22", "", { "dependencies": { "@publint/pack": "^0.1.6", "package-manager-detector": "^1.7.0", "picocolors": "^1.1.1", "sade": "^1.8.1" }, "bin": { "publint": "./src/cli.js" } }, "sha512-6Z/scsr5CA7APdwyF35EY88CqgDj1textWuY788DVTJYPCWVv/Wn9G6KmLnrVRnStgYcahqN4wCDLZGSbQJ69w=="],

    "quansync": ["quansync@1.0.0", "", {}, "sha512-5xZacEEufv3HSTPQuchrvV6soaiACMFnq1H8wkVioctoH3TRha9Sz66lOxRwPK/qZj7HPiSveih9yAyh98gvqA=="],

    "resolve-pkg-maps": ["resolve-pkg-maps@1.0.0", "", {}, "sha512-seS2Tj26TBVOC2NIc2rOe2y2ZO7efxITtLZcGSOnHHNOQ7CkiUBfw0Iw2ck6xkIhPwLhKNLS8BO+hEpngQlqzw=="],

    "rolldown": ["rolldown@1.2.2", "", { "dependencies": { "@oxc-project/types": "=0.142.0", "@rolldown/pluginutils": "^1.0.0" }, "optionalDependencies": { "@rolldown/binding-android-arm64": "1.2.2", "@rolldown/binding-darwin-arm64": "1.2.2", "@rolldown/binding-darwin-x64": "1.2.2", "@rolldown/binding-freebsd-x64": "1.2.2", "@rolldown/binding-linux-arm-gnueabihf": "1.2.2", "@rolldown/binding-linux-arm64-gnu": "1.2.2", "@rolldown/binding-linux-arm64-musl": "1.2.2", "@rolldown/binding-linux-ppc64-gnu": "1.2.2", "@rolldown/binding-linux-s390x-gnu": "1.2.2", "@rolldown/binding-linux-x64-gnu": "1.2.2", "@rolldown/binding-linux-x64-musl": "1.2.2", "@rolldown/binding-openharmony-arm64": "1.2.2", "@rolldown/binding-win32-arm64-msvc": "1.2.2", "@rolldown/binding-win32-x64-msvc": "1.2.2" }, "bin": { "rolldown": "./bin/cli.mjs" } }, "sha512-opwpo1tQBAcpSUJDt94B7hhLNGOKjCdE//XXjeLrnx9b83bjnw45tXdg1b09yEw/VLFBJGZpwRULMmOZo7ol+A=="],

    "rolldown-plugin-dts": ["rolldown-plugin-dts@0.27.14", "", { "dependencies": { "dts-resolver": "^3.0.0", "get-tsconfig": "5.0.0-beta.5", "obug": "^2.1.4", "yuku-ast": "^0.8.0", "yuku-codegen": "^0.8.0", "yuku-parser": "^0.8.0" }, "peerDependencies": { "@typescript/native-preview": "*", "@volar/typescript": "~2.4.0", "rolldown": "^1.0.0", "typescript": "^5.0.0 || ^6.0.0 || ~7.0.0", "vue-tsc": "~3.2.0 || ~3.3.0" }, "optionalPeers": ["@typescript/native-preview", "@volar/typescript", "typescript", "vue-tsc"] }, "sha512-ZvuDDwoIpRK9RPxDXratCpklFO9QZZWndf/sd0VBFb4LEj0jj07UcHK9OCh7V4XiFz2Z89ziyBC2K6tJiDjrbw=="],

    "sade": ["sade@1.8.1", "", { "dependencies": { "mri": "^1.1.0" } }, "sha512-xal3CZX1Xlo/k4ApwCFrHVACi9fBqJ7V+mwhBsuf/1IOKbBy098Fex+Wa/5QMubw09pSZ/u8EY8PWgevJsXp1A=="],

    "simple-git-hooks": ["simple-git-hooks@2.13.1", "", { "bin": { "simple-git-hooks": "cli.js" } }, "sha512-WszCLXwT4h2k1ufIXAgsbiTOazqqevFCIncOuUBZJ91DdvWcC5+OFkluWRQPrcuSYd8fjq+o2y1QfWqYMoAToQ=="],

    "source-map-js": ["source-map-js@1.2.1", "", {}, "sha512-UXWMKhLOwVKb728IUtQPXxfYU+usdybtUrK/8uGE8CQMvrhOpwvzDBwj0QhSL7MQc7vIsISBG8VQ8+IDQxpfQA=="],

    "string-argv": ["string-argv@0.3.2", "", {}, "sha512-aqD2Q0144Z+/RqG52NeHEkZauTAUWJO8c6yTftGJKO3Tja5tUgIfmIl6kExvhtxSDP7fXB6DvzkfMpCd/F3G+Q=="],

    "tinyexec": ["tinyexec@1.3.0", "", {}, "sha512-QKAl9m8gWWGHV8jZcPeym6j+XULi6tOf1mT83WYJ4Lk2ytW/uwAWkrP0uFsdoYMdueVJ0qs26wZ+23xeB4ibNQ=="],

    "tinyglobby": ["tinyglobby@0.2.17", "", { "dependencies": { "fdir": "^6.5.0", "picomatch": "^4.0.4" } }, "sha512-wXR/dYpcqKmfWpEdZjiKJOwCNFndD0DMnrW/cYjVGttEkBfVgcLFHoNrlj47mjOVic9yyNu65alsgF4NQyTa2g=="],

    "tree-kill": ["tree-kill@1.2.2", "", { "bin": { "tree-kill": "cli.js" } }, "sha512-L0Orpi8qGpRG//Nd+H90vFB+3iHnue1zSSGmNOOCh1GLJ7rUKVwV2HvijphGQS2UmhUZewS9VgvxYIdgr+fG1A=="],

    "tsdown": ["tsdown@0.22.14", "", { "dependencies": { "ansis": "^4.3.1", "cac": "^7.0.0", "defu": "^6.1.7", "empathic": "^2.0.1", "hookable": "^6.1.1", "import-without-cache": "^0.4.0", "obug": "^2.1.4", "picomatch": "^4.0.5", "rolldown": "~1.2.0", "rolldown-plugin-dts": "^0.27.13", "tinyexec": "^1.2.4", "tinyglobby": "^0.2.17", "tree-kill": "^1.2.2", "unconfig-core": "^7.5.0", "verkit": "^0.3.0" }, "peerDependencies": { "@arethetypeswrong/core": "^0.18.1", "@tsdown/css": "0.22.14", "@tsdown/exe": "0.22.14", "@vitejs/devtools": "*", "publint": "^0.3.8", "tsx": "*", "typescript": "^5.0.0 || ^6.0.0 || ^7.0.0", "unplugin-unused": "^0.5.0", "unrun": "*" }, "optionalPeers": ["@arethetypeswrong/core", "@tsdown/css", "@tsdown/exe", "@vitejs/devtools", "publint", "tsx", "typescript", "unplugin-unused", "unrun"], "bin": { "tsdown": "./dist/run.mjs" } }, "sha512-ule7Y+fsAN2iZbLDoo7C4KYljFJNJJ+fLshyn+9gozeTspVersWHxwdGB+Dm2hzA38s6muFnUTl0jK3vJm9ifQ=="],

    "typescript": ["typescript@7.0.2", "", { "optionalDependencies": { "@typescript/typescript-aix-ppc64": "7.0.2", "@typescript/typescript-darwin-arm64": "7.0.2", "@typescript/typescript-darwin-x64": "7.0.2", "@typescript/typescript-freebsd-arm64": "7.0.2", "@typescript/typescript-freebsd-x64": "7.0.2", "@typescript/typescript-linux-arm": "7.0.2", "@typescript/typescript-linux-arm64": "7.0.2", "@typescript/typescript-linux-loong64": "7.0.2", "@typescript/typescript-linux-mips64el": "7.0.2", "@typescript/typescript-linux-ppc64": "7.0.2", "@typescript/typescript-linux-riscv64": "7.0.2", "@typescript/typescript-linux-s390x": "7.0.2", "@typescript/typescript-linux-x64": "7.0.2", "@typescript/typescript-netbsd-arm64": "7.0.2", "@typescript/typescript-netbsd-x64": "7.0.2", "@typescript/typescript-openbsd-arm64": "7.0.2", "@typescript/typescript-openbsd-x64": "7.0.2", "@typescript/typescript-sunos-x64": "7.0.2", "@typescript/typescript-win32-arm64": "7.0.2", "@typescript/typescript-win32-x64": "7.0.2" }, "bin": { "tsc": "bin/tsc" } }, "sha512-8FYau96o3NKOhbjKi/qNvG/W5jhzxkbdm5sj9AbZ/5T5sWqn3hJgLfGx27sRKZWTvyzCP8dLRBTf5tBTSRVUNA=="],

    "unconfig": ["unconfig@7.5.0", "", { "dependencies": { "@quansync/fs": "^1.0.0", "defu": "^6.1.4", "jiti": "^2.6.1", "quansync": "^1.0.0", "unconfig-core": "7.5.0" } }, "sha512-oi8Qy2JV4D3UQ0PsopR28CzdQ3S/5A1zwsUwp/rosSbfhJ5z7b90bIyTwi/F7hCLD4SGcZVjDzd4XoUQcEanvA=="],

    "unconfig-core": ["unconfig-core@7.5.0", "", { "dependencies": { "@quansync/fs": "^1.0.0", "quansync": "^1.0.0" } }, "sha512-Su3FauozOGP44ZmKdHy2oE6LPjk51M/TRRjHv2HNCWiDvfvCoxC2lno6jevMA91MYAdCdwP05QnWdWpSbncX/w=="],

    "unplugin": ["unplugin@3.3.0", "", { "dependencies": { "@jridgewell/remapping": "^2.3.5", "picomatch": "^4.0.4", "webpack-virtual-modules": "^0.6.2" }, "peerDependencies": { "@farmfe/core": "*", "@rspack/core": "*", "bun-types-no-globals": "*", "esbuild": "*", "rolldown": "*", "rollup": "*", "unloader": "*", "vite": "*", "webpack": "*" }, "optionalPeers": ["@farmfe/core", "@rspack/core", "bun-types-no-globals", "esbuild", "rolldown", "rollup", "unloader", "vite", "webpack"] }, "sha512-qa66K+crbfyE6JK10GjvbJeRrOsuC/JpbnHctfyp/i4oBTxWOzJfRZyDiOk1PtErMFRu8JhsU/wPvOdBNWe5Rg=="],

    "unplugin-unused": ["unplugin-unused@0.6.0", "", { "dependencies": { "empathic": "^2.0.1", "escape-string-regexp": "^5.0.0", "js-tokens": "^10.0.0", "unplugin": "^3.3.0" } }, "sha512-ov+8yoEs5lyCjK7AqSUmpLuyEhtHwKtNtc1PrpwJVCNQjv+Dins4+7e1+ej57yo8lfiW/zOr9FAEmNmjgU+hFQ=="],

    "verkit": ["verkit@0.3.1", "", {}, "sha512-w2Eo8LSIIoW7qxNBzT7/17k+bh8plXo7G3dHjEIDqPlnluhzaxr9JX8F28VSYEtDvc1/a3WBDih6xNUZseebXg=="],

    "vite": ["vite@8.2.0", "", { "dependencies": { "lightningcss": "^1.33.0", "picomatch": "^4.0.5", "postcss": "^8.5.23", "rolldown": "~1.2.0", "tinyglobby": "^0.2.17" }, "optionalDependencies": { "fsevents": "~2.3.3" }, "peerDependencies": { "@types/node": "^20.19.0 || >=22.12.0", "@vitejs/devtools": "^0.4.0", "esbuild": "^0.27.0 || ^0.28.0", "jiti": ">=1.21.0", "less": "^4.0.0", "sass": "^1.70.0", "sass-embedded": "^1.70.0", "stylus": ">=0.54.8", "sugarss": "^5.0.0", "terser": "^5.16.0", "tsx": "^4.8.1", "yaml": "^2.4.2" }, "optionalPeers": ["@types/node", "@vitejs/devtools", "esbuild", "jiti", "less", "sass", "sass-embedded", "stylus", "sugarss", "terser", "tsx", "yaml"], "bin": { "vite": "bin/vite.js" } }, "sha512-pn+CFpM0lwDeKwmOq1ZaBK/9sjorZcgqxki6MbY/jPEVd9vichIlmlD4HmQ5wdP5EgqQCFRaACBxMC7uEGc6lQ=="],

    "webpack-virtual-modules": ["webpack-virtual-modules@0.6.2", "", {}, "sha512-66/V2i5hQanC51vBQKPH4aI8NMAcBW59FVBs+rC7eGHupMyfn34q7rZIE+ETlJ+XTevqfUhVVBgSUNSW2flEUQ=="],

    "yaml": ["yaml@2.9.0", "", { "bin": { "yaml": "bin.mjs" } }, "sha512-2AvhNX3mb8zd6Zy7INTtSpl1F15HW6Wnqj0srWlkKLcpYl/gMIMJiyuGq2KeI2YFxUPjdlB+3Lc10seMLtL4cA=="],

    "yuku-ast": ["yuku-ast@0.8.3", "", { "dependencies": { "@yuku-toolchain/types": "^0.8.3" } }, "sha512-8x34yU5uhHUnJXzy2Qvjvec/vE9BzS0/2khVT1MsLmSLO/P8Q1Wp8IxHv+IhD+HMYETk6kherOSvP4JPWw2joQ=="],

    "yuku-codegen": ["yuku-codegen@0.8.3", "", { "dependencies": { "@yuku-toolchain/types": "^0.8.3" }, "optionalDependencies": { "@yuku-codegen/binding-android-arm64": "0.8.3", "@yuku-codegen/binding-darwin-arm64": "0.8.3", "@yuku-codegen/binding-darwin-x64": "0.8.3", "@yuku-codegen/binding-freebsd-x64": "0.8.3", "@yuku-codegen/binding-linux-arm-gnu": "0.8.3", "@yuku-codegen/binding-linux-arm-musl": "0.8.3", "@yuku-codegen/binding-linux-arm64-gnu": "0.8.3", "@yuku-codegen/binding-linux-arm64-musl": "0.8.3", "@yuku-codegen/binding-linux-x64-gnu": "0.8.3", "@yuku-codegen/binding-linux-x64-musl": "0.8.3", "@yuku-codegen/binding-win32-arm64": "0.8.3", "@yuku-codegen/binding-win32-x64": "0.8.3" } }, "sha512-okdo5bb+TfebQa4JOjz9QxeT34D6CcBxu8dxaPUdFEKRdLkp+D2Fah2OanepK+XTyPXdmAJzAo9iXvYvZ/5rmg=="],

    "yuku-parser": ["yuku-parser@0.8.3", "", { "dependencies": { "@yuku-toolchain/types": "^0.8.3", "yuku-ast": "^0.8.3" }, "optionalDependencies": { "@yuku-parser/binding-android-arm64": "0.8.3", "@yuku-parser/binding-darwin-arm64": "0.8.3", "@yuku-parser/binding-darwin-x64": "0.8.3", "@yuku-parser/binding-freebsd-x64": "0.8.3", "@yuku-parser/binding-linux-arm-gnu": "0.8.3", "@yuku-parser/binding-linux-arm-musl": "0.8.3", "@yuku-parser/binding-linux-arm64-gnu": "0.8.3", "@yuku-parser/binding-linux-arm64-musl": "0.8.3", "@yuku-parser/binding-linux-x64-gnu": "0.8.3", "@yuku-parser/binding-linux-x64-musl": "0.8.3", "@yuku-parser/binding-win32-arm64": "0.8.3", "@yuku-parser/binding-win32-x64": "0.8.3" } }, "sha512-KPQcpF9aj77ywlJBIkQWCQ9DObdxnCA8AJdUOmA5CZZx042Xt4+dvbQmPJfWxF3E+KG5dVAZ2fBKuDJ8VsKWgA=="],
  }
}
